PATH
  remote: .
  specs:
    yard-markdown (0.5.0)
      csv
      rdoc
      yard

GEM
  remote: https://rubygems.org/
  specs:
    commonmarker (2.6.3-arm64-darwin)
    commonmarker (2.6.3-x86_64-linux)
    csv (3.3.5)
    date (3.5.1)
    erb (6.0.1)
    io-console (0.8.2)
    irb (1.17.0)
      pp (>= 0.6.0)
      prism (>= 1.3.0)
      rdoc (>= 4.0.0)
      reline (>= 0.4.2)
    minitest (5.27.0)
    mutex_m (0.3.0)
    pp (0.6.3)
      prettyprint
    prettyprint (0.2.0)
    prism (1.9.0)
    psych (5.3.1)
      date
      stringio
    rake (13.3.1)
    rdoc (7.0.3)
      erb
      psych (>= 4.0.0)
      tsort
    redcarpet (3.6.1)
    reline (0.6.3)
      io-console (~> 0.5)
    stringio (3.2.0)
    tsort (0.2.0)
    yard (0.9.38)

PLATFORMS
  arm64-darwin-22
  arm64-darwin-23
  x86_64-linux

DEPENDENCIES
  commonmarker
  irb
  minitest (~> 5.0)
  mutex_m
  rake (~> 13.0)
  redcarpet
  yard
  yard-markdown!

BUNDLED WITH
   2.4.22
